
Microsoft Visual Studio Solution File, Format Version 12.00
# Visual Studio Version 17
VisualStudioVersion = 17.1.32407.343
MinimumVisualStudioVersion = 10.0.40219.1
Project("{9A19103F-16F7-4668-BE54-9A1E7A4F7556}") = "Galimany.Patricio.2°C.TP3_", "Galimany.Patricio.2°C.TP3_\Galimany.Patricio.2°C.TP3_.csproj", "{997880E8-A08B-4A08-A2A7-72999F812700}"
EndProject
Project("{9A19103F-16F7-4668-BE54-9A1E7A4F7556}") = "Biblioteca", "Biblioteca\Biblioteca.csproj", "{76E6BECF-B967-4DFC-BCCF-03524740C175}"
EndProject
Project("{FAE04EC0-301F-11D3-BF4B-00C04F79EFBC}") = "MiTest", "MiTest\MiTest.csproj", "{FD05FF92-45AF-4484-AC45-462D382EB725}"
EndProject
Global
	GlobalSection(SolutionConfigurationPlatforms) = preSolution
		Debug|Any CPU = Debug|Any CPU
		Release|Any CPU = Release|Any CPU
	EndGlobalSection
	GlobalSection(ProjectConfigurationPlatforms) = postSolution
		{997880E8-A08B-4A08-A2A7-72999F812700}.Debug|Any CPU.ActiveCfg = Debug|Any CPU
		{997880E8-A08B-4A08-A2A7-72999F812700}.Debug|Any CPU.Build.0 = Debug|Any CPU
		{997880E8-A08B-4A08-A2A7-72999F812700}.Release|Any CPU.ActiveCfg = Release|Any CPU
		{997880E8-A08B-4A08-A2A7-72999F812700}.Release|Any CPU.Build.0 = Release|Any CPU
		{76E6BECF-B967-4DFC-BCCF-03524740C175}.Debug|Any CPU.ActiveCfg = Debug|Any CPU
		{76E6BECF-B967-4DFC-BCCF-03524740C175}.Debug|Any CPU.Build.0 = Debug|Any CPU
		{76E6BECF-B967-4DFC-BCCF-03524740C175}.Release|Any CPU.ActiveCfg = Release|Any CPU
		{76E6BECF-B967-4DFC-BCCF-03524740C175}.Release|Any CPU.Build.0 = Release|Any CPU
		{FD05FF92-45AF-4484-AC45-462D382EB725}.Debug|Any CPU.ActiveCfg = Debug|Any CPU
		{FD05FF92-45AF-4484-AC45-462D382EB725}.Debug|Any CPU.Build.0 = Debug|Any CPU
		{FD05FF92-45AF-4484-AC45-462D382EB725}.Release|Any CPU.ActiveCfg = Release|Any CPU
		{FD05FF92-45AF-4484-AC45-462D382EB725}.Release|Any CPU.Build.0 = Release|Any CPU
	EndGlobalSection
	GlobalSection(SolutionProperties) = preSolution
		HideSolutionNode = FALSE
	EndGlobalSection
	GlobalSection(ExtensibilityGlobals) = postSolution
		SolutionGuid = {1925B239-41D2-498D-A2FB-C3929260CB37}
	EndGlobalSection
EndGlobal
